lockfileVersion: '6.0'

settings:
  autoInstallPeers: true
  excludeLinksFromLockfile: false

dependencies:
  '@hey-api/openapi-ts':
    specifier: ^0.37.0
    version: 0.37.3(typescript@5.4.4)
  dotenv:
    specifier: ^16.4.5
    version: 16.4.5

devDependencies:
  '@types/node':
    specifier: ^20.12.6
    version: 20.12.6
  tsx:
    specifier: ^4.7.2
    version: 4.7.2

packages:

  /@apidevtools/json-schema-ref-parser@11.5.4:
    resolution: {integrity: sha512-o2fsypTGU0WxRxbax8zQoHiIB4dyrkwYfcm8TxZ+bx9pCzcWZbQtiMqpgBvWA/nJ2TrGjK5adCLfTH8wUeU/Wg==}
    engines: {node: '>= 16'}
    dependencies:
      '@jsdevtools/ono': 7.1.3
      '@types/json-schema': 7.0.15
      js-yaml: 4.1.0
    dev: false

  /@esbuild/aix-ppc64@0.19.12:
    resolution: {integrity: sha512-bmoCYyWdEL3wDQIVbcyzRyeKLgk2WtWLTWz1ZIAZF/EGbNOwSA6ew3PftJ1PqMiOOGu0OyFMzG53L0zqIpPeNA==}
    engines: {node: '>=12'}
    cpu: [ppc64]
    os: [aix]
    requiresBuild: true
    dev: true
    optional: true

  /@esbuild/android-arm64@0.19.12:
    resolution: {integrity: sha512-P0UVNGIienjZv3f5zq0DP3Nt2IE/3plFzuaS96vihvD0Hd6H/q4WXUGpCxD/E8YrSXfNyRPbpTq+T8ZQioSuPA==}
    engines: {node: '>=12'}
    cpu: [arm64]
    os: [android]
    requiresBuild: true
    dev: true
    optional: true

  /@esbuild/android-arm@0.19.12:
    resolution: {integrity: sha512-qg/Lj1mu3CdQlDEEiWrlC4eaPZ1KztwGJ9B6J+/6G+/4ewxJg7gqj8eVYWvao1bXrqGiW2rsBZFSX3q2lcW05w==}
    engines: {node: '>=12'}
    cpu: [arm]
    os: [android]
    requiresBuild: true
    dev: true
    optional: true

  /@esbuild/android-x64@0.19.12:
    resolution: {integrity: sha512-3k7ZoUW6Q6YqhdhIaq/WZ7HwBpnFBlW905Fa4s4qWJyiNOgT1dOqDiVAQFwBH7gBRZr17gLrlFCRzF6jFh7Kew==}
    engines: {node: '>=12'}
    cpu: [x64]
    os: [android]
    requiresBuild: true
    dev: true
    optional: true

  /@esbuild/darwin-arm64@0.19.12:
    resolution: {integrity: sha512-B6IeSgZgtEzGC42jsI+YYu9Z3HKRxp8ZT3cqhvliEHovq8HSX2YX8lNocDn79gCKJXOSaEot9MVYky7AKjCs8g==}
    engines: {node: '>=12'}
    cpu: [arm64]
    os: [darwin]
    requiresBuild: true
    dev: true
    optional: true

  /@esbuild/darwin-x64@0.19.12:
    resolution: {integrity: sha512-hKoVkKzFiToTgn+41qGhsUJXFlIjxI/jSYeZf3ugemDYZldIXIxhvwN6erJGlX4t5h417iFuheZ7l+YVn05N3A==}
    engines: {node: '>=12'}
    cpu: [x64]
    os: [darwin]
    requiresBuild: true
    dev: true
    optional: true

  /@esbuild/freebsd-arm64@0.19.12:
    resolution: {integrity: sha512-4aRvFIXmwAcDBw9AueDQ2YnGmz5L6obe5kmPT8Vd+/+x/JMVKCgdcRwH6APrbpNXsPz+K653Qg8HB/oXvXVukA==}
    engines: {node: '>=12'}
    cpu: [arm64]
    os: [freebsd]
    requiresBuild: true
    dev: true
    optional: true

  /@esbuild/freebsd-x64@0.19.12:
    resolution: {integrity: sha512-EYoXZ4d8xtBoVN7CEwWY2IN4ho76xjYXqSXMNccFSx2lgqOG/1TBPW0yPx1bJZk94qu3tX0fycJeeQsKovA8gg==}
    engines: {node: '>=12'}
    cpu: [x64]
    os: [freebsd]
    requiresBuild: true
    dev: true
    optional: true

  /@esbuild/linux-arm64@0.19.12:
    resolution: {integrity: sha512-EoTjyYyLuVPfdPLsGVVVC8a0p1BFFvtpQDB/YLEhaXyf/5bczaGeN15QkR+O4S5LeJ92Tqotve7i1jn35qwvdA==}
    engines: {node: '>=12'}
    cpu: [arm64]
    os: [linux]
    requiresBuild: true
    dev: true
    optional: true

  /@esbuild/linux-arm@0.19.12:
    resolution: {integrity: sha512-J5jPms//KhSNv+LO1S1TX1UWp1ucM6N6XuL6ITdKWElCu8wXP72l9MM0zDTzzeikVyqFE6U8YAV9/tFyj0ti+w==}
    engines: {node: '>=12'}
    cpu: [arm]
    os: [linux]
    requiresBuild: true
    dev: true
    optional: true

  /@esbuild/linux-ia32@0.19.12:
    resolution: {integrity: sha512-Thsa42rrP1+UIGaWz47uydHSBOgTUnwBwNq59khgIwktK6x60Hivfbux9iNR0eHCHzOLjLMLfUMLCypBkZXMHA==}
    engines: {node: '>=12'}
    cpu: [ia32]
    os: [linux]
    requiresBuild: true
    dev: true
    optional: true

  /@esbuild/linux-loong64@0.19.12:
    resolution: {integrity: sha512-LiXdXA0s3IqRRjm6rV6XaWATScKAXjI4R4LoDlvO7+yQqFdlr1Bax62sRwkVvRIrwXxvtYEHHI4dm50jAXkuAA==}
    engines: {node: '>=12'}
    cpu: [loong64]
    os: [linux]
    requiresBuild: true
    dev: true
    optional: true

  /@esbuild/linux-mips64el@0.19.12:
    resolution: {integrity: sha512-fEnAuj5VGTanfJ07ff0gOA6IPsvrVHLVb6Lyd1g2/ed67oU1eFzL0r9WL7ZzscD+/N6i3dWumGE1Un4f7Amf+w==}
    engines: {node: '>=12'}
    cpu: [mips64el]
    os: [linux]
    requiresBuild: true
    dev: true
    optional: true

  /@esbuild/linux-ppc64@0.19.12:
    resolution: {integrity: sha512-nYJA2/QPimDQOh1rKWedNOe3Gfc8PabU7HT3iXWtNUbRzXS9+vgB0Fjaqr//XNbd82mCxHzik2qotuI89cfixg==}
    engines: {node: '>=12'}
    cpu: [ppc64]
    os: [linux]
    requiresBuild: true
    dev: true
    optional: true

  /@esbuild/linux-riscv64@0.19.12:
    resolution: {integrity: sha512-2MueBrlPQCw5dVJJpQdUYgeqIzDQgw3QtiAHUC4RBz9FXPrskyyU3VI1hw7C0BSKB9OduwSJ79FTCqtGMWqJHg==}
    engines: {node: '>=12'}
    cpu: [riscv64]
    os: [linux]
    requiresBuild: true
    dev: true
    optional: true

  /@esbuild/linux-s390x@0.19.12:
    resolution: {integrity: sha512-+Pil1Nv3Umes4m3AZKqA2anfhJiVmNCYkPchwFJNEJN5QxmTs1uzyy4TvmDrCRNT2ApwSari7ZIgrPeUx4UZDg==}
    engines: {node: '>=12'}
    cpu: [s390x]
    os: [linux]
    requiresBuild: true
    dev: true
    optional: true

  /@esbuild/linux-x64@0.19.12:
    resolution: {integrity: sha512-B71g1QpxfwBvNrfyJdVDexenDIt1CiDN1TIXLbhOw0KhJzE78KIFGX6OJ9MrtC0oOqMWf+0xop4qEU8JrJTwCg==}
    engines: {node: '>=12'}
    cpu: [x64]
    os: [linux]
    requiresBuild: true
    dev: true
    optional: true

  /@esbuild/netbsd-x64@0.19.12:
    resolution: {integrity: sha512-3ltjQ7n1owJgFbuC61Oj++XhtzmymoCihNFgT84UAmJnxJfm4sYCiSLTXZtE00VWYpPMYc+ZQmB6xbSdVh0JWA==}
    engines: {node: '>=12'}
    cpu: [x64]
    os: [netbsd]
    requiresBuild: true
    dev: true
    optional: true

  /@esbuild/openbsd-x64@0.19.12:
    resolution: {integrity: sha512-RbrfTB9SWsr0kWmb9srfF+L933uMDdu9BIzdA7os2t0TXhCRjrQyCeOt6wVxr79CKD4c+p+YhCj31HBkYcXebw==}
    engines: {node: '>=12'}
    cpu: [x64]
    os: [openbsd]
    requiresBuild: true
    dev: true
    optional: true

  /@esbuild/sunos-x64@0.19.12:
    resolution: {integrity: sha512-HKjJwRrW8uWtCQnQOz9qcU3mUZhTUQvi56Q8DPTLLB+DawoiQdjsYq+j+D3s9I8VFtDr+F9CjgXKKC4ss89IeA==}
    engines: {node: '>=12'}
    cpu: [x64]
    os: [sunos]
    requiresBuild: true
    dev: true
    optional: true

  /@esbuild/win32-arm64@0.19.12:
    resolution: {integrity: sha512-URgtR1dJnmGvX864pn1B2YUYNzjmXkuJOIqG2HdU62MVS4EHpU2946OZoTMnRUHklGtJdJZ33QfzdjGACXhn1A==}
    engines: {node: '>=12'}
    cpu: [arm64]
    os: [win32]
    requiresBuild: true
    dev: true
    optional: true

  /@esbuild/win32-ia32@0.19.12:
    resolution: {integrity: sha512-+ZOE6pUkMOJfmxmBZElNOx72NKpIa/HFOMGzu8fqzQJ5kgf6aTGrcJaFsNiVMH4JKpMipyK+7k0n2UXN7a8YKQ==}
    engines: {node: '>=12'}
    cpu: [ia32]
    os: [win32]
    requiresBuild: true
    dev: true
    optional: true

  /@esbuild/win32-x64@0.19.12:
    resolution: {integrity: sha512-T1QyPSDCyMXaO3pzBkF96E8xMkiRYbUEZADd29SyPGabqxMViNoii+NcK7eWJAEoU6RZyEm5lVSIjTmcdoB9HA==}
    engines: {node: '>=12'}
    cpu: [x64]
    os: [win32]
    requiresBuild: true
    dev: true
    optional: true

  /@hey-api/openapi-ts@0.37.3(typescript@5.4.4):
    resolution: {integrity: sha512-bqadMe9YpzwO9nkpCK+XEwbom9V/WNcUSOYKp8lBJbe/Rve/eSnTjANmll65SU/uoc/5kgrnkD0Eh4hcPqSYrA==}
    engines: {node: ^18.0.0 || >=20.0.0}
    hasBin: true
    peerDependencies:
      typescript: ^5.x
    dependencies:
      '@apidevtools/json-schema-ref-parser': 11.5.4
      c12: 1.10.0
      camelcase: 8.0.0
      commander: 12.0.0
      handlebars: 4.7.8
      typescript: 5.4.4
    dev: false

  /@jsdevtools/ono@7.1.3:
    resolution: {integrity: sha512-4JQNk+3mVzK3xh2rqd6RB4J46qUR19azEHBneZyTZM+c456qOrbbM/5xcR8huNCCcbVt7+UmizG6GuUvPvKUYg==}
    dev: false

  /@types/json-schema@7.0.15:
    resolution: {integrity: sha512-5+fP8P8MFNC+AyZCDxrB2pkZFPGzqQWUzpSeuuVLvm8VMcorNYavBqoFcxK8bQz4Qsbn4oUEEem4wDLfcysGHA==}
    dev: false

  /@types/node@20.12.6:
    resolution: {integrity: sha512-3KurE8taB8GCvZBPngVbp0lk5CKi8M9f9k1rsADh0Evdz5SzJ+Q+Hx9uHoFGsLnLnd1xmkDQr2hVhlA0Mn0lKQ==}
    dependencies:
      undici-types: 5.26.5
    dev: true

  /acorn@8.11.3:
    resolution: {integrity: sha512-Y9rRfJG5jcKOE0CLisYbojUjIrIEE7AGMzA/Sm4BslANhbS+cDMpgBdcPT91oJ7OuJ9hYJBx59RjbhxVnrF8Xg==}
    engines: {node: '>=0.4.0'}
    hasBin: true
    dev: false

  /anymatch@3.1.3:
    resolution: {integrity: sha512-KMReFUr0B4t+D+OBkjR3KYqvocp2XaSzO55UcB6mgQMd3KbcE+mWTyvVV7D/zsdEbNnV6acZUutkiHQXvTr1Rw==}
    engines: {node: '>= 8'}
    dependencies:
      normalize-path: 3.0.0
      picomatch: 2.3.1
    dev: false

  /argparse@2.0.1:
    resolution: {integrity: sha512-8+9WqebbFzpX9OR+Wa6O29asIogeRMzcGtAINdpMHHyAg10f05aSFVBbcEqGf/PXw1EjAZ+q2/bEBg3DvurK3Q==}
    dev: false

  /binary-extensions@2.3.0:
    resolution: {integrity: sha512-Ceh+7ox5qe7LJuLHoY0feh3pHuUDHAcRUeyL2VYghZwfpkNIy/+8Ocg0a3UuSoYzavmylwuLWQOf3hl0jjMMIw==}
    engines: {node: '>=8'}
    dev: false

  /braces@3.0.2:
    resolution: {integrity: sha512-b8um+L1RzM3WDSzvhm6gIz1yfTbBt6YTlcEKAvsmqCZZFw46z626lVj9j1yEPW33H5H+lBQpZMP1k8l+78Ha0A==}
    engines: {node: '>=8'}
    dependencies:
      fill-range: 7.0.1
    dev: false

  /c12@1.10.0:
    resolution: {integrity: sha512-0SsG7UDhoRWcuSvKWHaXmu5uNjDCDN3nkQLRL4Q42IlFy+ze58FcCoI3uPwINXinkz7ZinbhEgyzYFw9u9ZV8g==}
    dependencies:
      chokidar: 3.6.0
      confbox: 0.1.3
      defu: 6.1.4
      dotenv: 16.4.5
      giget: 1.2.3
      jiti: 1.21.0
      mlly: 1.6.1
      ohash: 1.1.3
      pathe: 1.1.2
      perfect-debounce: 1.0.0
      pkg-types: 1.0.3
      rc9: 2.1.2
    dev: false

  /camelcase@8.0.0:
    resolution: {integrity: sha512-8WB3Jcas3swSvjIeA2yvCJ+Miyz5l1ZmB6HFb9R1317dt9LCQoswg/BGrmAmkWVEszSrrg4RwmO46qIm2OEnSA==}
    engines: {node: '>=16'}
    dev: false

  /chokidar@3.6.0:
    resolution: {integrity: sha512-7VT13fmjotKpGipCW9JEQAusEPE+Ei8nl6/g4FBAmIm0GOOLMua9NDDo/DWp0ZAxCr3cPq5ZpBqmPAQgDda2Pw==}
    engines: {node: '>= 8.10.0'}
    dependencies:
      anymatch: 3.1.3
      braces: 3.0.2
      glob-parent: 5.1.2
      is-binary-path: 2.1.0
      is-glob: 4.0.3
      normalize-path: 3.0.0
      readdirp: 3.6.0
    optionalDependencies:
      fsevents: 2.3.3
    dev: false

  /chownr@2.0.0:
    resolution: {integrity: sha512-bIomtDF5KGpdogkLd9VspvFzk9KfpyyGlS8YFVZl7TGPBHL5snIOnxeshwVgPteQ9b4Eydl+pVbIyE1DcvCWgQ==}
    engines: {node: '>=10'}
    dev: false

  /citty@0.1.6:
    resolution: {integrity: sha512-tskPPKEs8D2KPafUypv2gxwJP8h/OaJmC82QQGGDQcHvXX43xF2VDACcJVmZ0EuSxkpO9Kc4MlrA3q0+FG58AQ==}
    dependencies:
      consola: 3.2.3
    dev: false

  /commander@12.0.0:
    resolution: {integrity: sha512-MwVNWlYjDTtOjX5PiD7o5pK0UrFU/OYgcJfjjK4RaHZETNtjJqrZa9Y9ds88+A+f+d5lv+561eZ+yCKoS3gbAA==}
    engines: {node: '>=18'}
    dev: false

  /confbox@0.1.3:
    resolution: {integrity: sha512-eH3ZxAihl1PhKfpr4VfEN6/vUd87fmgb6JkldHgg/YR6aEBhW63qUDgzP2Y6WM0UumdsYp5H3kibalXAdHfbgg==}
    dev: false

  /consola@3.2.3:
    resolution: {integrity: sha512-I5qxpzLv+sJhTVEoLYNcTW+bThDCPsit0vLNKShZx6rLtpilNpmmeTPaeqJb9ZE9dV3DGaeby6Vuhrw38WjeyQ==}
    engines: {node: ^14.18.0 || >=16.10.0}
    dev: false

  /cross-spawn@7.0.3:
    resolution: {integrity: sha512-iRDPJKUPVEND7dHPO8rkbOnPpyDygcDFtWjpeWNCgy8WP2rXcxXL8TskReQl6OrB2G7+UJrags1q15Fudc7G6w==}
    engines: {node: '>= 8'}
    dependencies:
      path-key: 3.1.1
      shebang-command: 2.0.0
      which: 2.0.2
    dev: false

  /defu@6.1.4:
    resolution: {integrity: sha512-mEQCMmwJu317oSz8CwdIOdwf3xMif1ttiM8LTufzc3g6kR+9Pe236twL8j3IYT1F7GfRgGcW6MWxzZjLIkuHIg==}
    dev: false

  /destr@2.0.3:
    resolution: {integrity: sha512-2N3BOUU4gYMpTP24s5rF5iP7BDr7uNTCs4ozw3kf/eKfvWSIu93GEBi5m427YoyJoeOzQ5smuu4nNAPGb8idSQ==}
    dev: false

  /dotenv@16.4.5:
    resolution: {integrity: sha512-ZmdL2rui+eB2YwhsWzjInR8LldtZHGDoQ1ugH85ppHKwpUHL7j7rN0Ti9NCnGiQbhaZ11FpR+7ao1dNsmduNUg==}
    engines: {node: '>=12'}
    dev: false

  /esbuild@0.19.12:
    resolution: {integrity: sha512-aARqgq8roFBj054KvQr5f1sFu0D65G+miZRCuJyJ0G13Zwx7vRar5Zhn2tkQNzIXcBrNVsv/8stehpj+GAjgbg==}
    engines: {node: '>=12'}
    hasBin: true
    requiresBuild: true
    optionalDependencies:
      '@esbuild/aix-ppc64': 0.19.12
      '@esbuild/android-arm': 0.19.12
      '@esbuild/android-arm64': 0.19.12
      '@esbuild/android-x64': 0.19.12
      '@esbuild/darwin-arm64': 0.19.12
      '@esbuild/darwin-x64': 0.19.12
      '@esbuild/freebsd-arm64': 0.19.12
      '@esbuild/freebsd-x64': 0.19.12
      '@esbuild/linux-arm': 0.19.12
      '@esbuild/linux-arm64': 0.19.12
      '@esbuild/linux-ia32': 0.19.12
      '@esbuild/linux-loong64': 0.19.12
      '@esbuild/linux-mips64el': 0.19.12
      '@esbuild/linux-ppc64': 0.19.12
      '@esbuild/linux-riscv64': 0.19.12
      '@esbuild/linux-s390x': 0.19.12
      '@esbuild/linux-x64': 0.19.12
      '@esbuild/netbsd-x64': 0.19.12
      '@esbuild/openbsd-x64': 0.19.12
      '@esbuild/sunos-x64': 0.19.12
      '@esbuild/win32-arm64': 0.19.12
      '@esbuild/win32-ia32': 0.19.12
      '@esbuild/win32-x64': 0.19.12
    dev: true

  /execa@8.0.1:
    resolution: {integrity: sha512-VyhnebXciFV2DESc+p6B+y0LjSm0krU4OgJN44qFAhBY0TJ+1V61tYD2+wHusZ6F9n5K+vl8k0sTy7PEfV4qpg==}
    engines: {node: '>=16.17'}
    dependencies:
      cross-spawn: 7.0.3
      get-stream: 8.0.1
      human-signals: 5.0.0
      is-stream: 3.0.0
      merge-stream: 2.0.0
      npm-run-path: 5.3.0
      onetime: 6.0.0
      signal-exit: 4.1.0
      strip-final-newline: 3.0.0
    dev: false

  /fill-range@7.0.1:
    resolution: {integrity: sha512-qOo9F+dMUmC2Lcb4BbVvnKJxTPjCm+RRpe4gDuGrzkL7mEVl/djYSu2OdQ2Pa302N4oqkSg9ir6jaLWJ2USVpQ==}
    engines: {node: '>=8'}
    dependencies:
      to-regex-range: 5.0.1
    dev: false

  /fs-minipass@2.1.0:
    resolution: {integrity: sha512-V/JgOLFCS+R6Vcq0slCuaeWEdNC3ouDlJMNIsacH2VtALiu9mV4LPrHc5cDl8k5aw6J8jwgWWpiTo5RYhmIzvg==}
    engines: {node: '>= 8'}
    dependencies:
      minipass: 3.3.6
    dev: false

  /fsevents@2.3.3:
    resolution: {integrity: sha512-5xoDfX+fL7faATnagmWPpbFtwh/R77WmMMqqHGS65C3vvB0YHrgF+B1YmZ3441tMj5n63k0212XNoJwzlhffQw==}
    engines: {node: ^8.16.0 || ^10.6.0 || >=11.0.0}
    os: [darwin]
    requiresBuild: true
    optional: true

  /get-stream@8.0.1:
    resolution: {integrity: sha512-VaUJspBffn/LMCJVoMvSAdmscJyS1auj5Zulnn5UoYcY531UWmdwhRWkcGKnGU93m5HSXP9LP2usOryrBtQowA==}
    engines: {node: '>=16'}
    dev: false

  /get-tsconfig@4.7.3:
    resolution: {integrity: sha512-ZvkrzoUA0PQZM6fy6+/Hce561s+faD1rsNwhnO5FelNjyy7EMGJ3Rz1AQ8GYDWjhRs/7dBLOEJvhK8MiEJOAFg==}
    dependencies:
      resolve-pkg-maps: 1.0.0
    dev: true

  /giget@1.2.3:
    resolution: {integrity: sha512-8EHPljDvs7qKykr6uw8b+lqLiUc/vUg+KVTI0uND4s63TdsZM2Xus3mflvF0DDG9SiM4RlCkFGL+7aAjRmV7KA==}
    hasBin: true
    dependencies:
      citty: 0.1.6
      consola: 3.2.3
      defu: 6.1.4
      node-fetch-native: 1.6.4
      nypm: 0.3.8
      ohash: 1.1.3
      pathe: 1.1.2
      tar: 6.2.1
    dev: false

  /glob-parent@5.1.2:
    resolution: {integrity: sha512-AOIgSQCepiJYwP3ARnGx+5VnTu2HBYdzbGP45eLw1vr3zB3vZLeyed1sC9hnbcOc9/SrMyM5RPQrkGz4aS9Zow==}
    engines: {node: '>= 6'}
    dependencies:
      is-glob: 4.0.3
    dev: false

  /handlebars@4.7.8:
    resolution: {integrity: sha512-vafaFqs8MZkRrSX7sFVUdo3ap/eNiLnb4IakshzvP56X5Nr1iGKAIqdX6tMlm6HcNRIkr6AxO5jFEoJzzpT8aQ==}
    engines: {node: '>=0.4.7'}
    hasBin: true
    dependencies:
      minimist: 1.2.8
      neo-async: 2.6.2
      source-map: 0.6.1
      wordwrap: 1.0.0
    optionalDependencies:
      uglify-js: 3.17.4
    dev: false

  /human-signals@5.0.0:
    resolution: {integrity: sha512-AXcZb6vzzrFAUE61HnN4mpLqd/cSIwNQjtNWR0euPm6y0iqx3G4gOXaIDdtdDwZmhwe82LA6+zinmW4UBWVePQ==}
    engines: {node: '>=16.17.0'}
    dev: false

  /is-binary-path@2.1.0:
    resolution: {integrity: sha512-ZMERYes6pDydyuGidse7OsHxtbI7WVeUEozgR/g7rd0xUimYNlvZRE/K2MgZTjWy725IfelLeVcEM97mmtRGXw==}
    engines: {node: '>=8'}
    dependencies:
      binary-extensions: 2.3.0
    dev: false

  /is-extglob@2.1.1:
    resolution: {integrity: sha512-SbKbANkN603Vi4jEZv49LeVJMn4yGwsbzZworEoyEiutsN3nJYdbO36zfhGJ6QEDpOZIFkDtnq5JRxmvl3jsoQ==}
    engines: {node: '>=0.10.0'}
    dev: false

  /is-glob@4.0.3:
    resolution: {integrity: sha512-xelSayHH36ZgE7ZWhli7pW34hNbNl8Ojv5KVmkJD4hBdD3th8Tfk9vYasLM+mXWOZhFkgZfxhLSnrwRr4elSSg==}
    engines: {node: '>=0.10.0'}
    dependencies:
      is-extglob: 2.1.1
    dev: false

  /is-number@7.0.0:
    resolution: {integrity: sha512-41Cifkg6e8TylSpdtTpeLVMqvSBEVzTttHvERD741+pnZ8ANv0004MRL43QKPDlK9cGvNp6NZWZUBlbGXYxxng==}
    engines: {node: '>=0.12.0'}
    dev: false

  /is-stream@3.0.0:
    resolution: {integrity: sha512-LnQR4bZ9IADDRSkvpqMGvt/tEJWclzklNgSw48V5EAaAeDd6qGvN8ei6k5p0tvxSR171VmGyHuTiAOfxAbr8kA==}
    engines: {node: ^12.20.0 || ^14.13.1 || >=16.0.0}
    dev: false

  /isexe@2.0.0:
    resolution: {integrity: sha512-RHxMLp9lnKHGHRng9QFhRCMbYAcVpn69smSGcq3f36xjgVVWThj4qqLbTLlq7Ssj8B+fIQ1EuCEGI2lKsyQeIw==}
    dev: false

  /jiti@1.21.0:
    resolution: {integrity: sha512-gFqAIbuKyyso/3G2qhiO2OM6shY6EPP/R0+mkDbyspxKazh8BXDC5FiFsUjlczgdNz/vfra0da2y+aHrusLG/Q==}
    hasBin: true
    dev: false

  /js-yaml@4.1.0:
    resolution: {integrity: sha512-wpxZs9NoxZaJESJGIZTyDEaYpl0FKSA+FB9aJiyemKhMwkxQg63h4T1KJgUGHpTqPDNRcmmYLugrRjJlBtWvRA==}
    hasBin: true
    dependencies:
      argparse: 2.0.1
    dev: false

  /jsonc-parser@3.2.1:
    resolution: {integrity: sha512-AilxAyFOAcK5wA1+LeaySVBrHsGQvUFCDWXKpZjzaL0PqW+xfBOttn8GNtWKFWqneyMZj41MWF9Kl6iPWLwgOA==}
    dev: false

  /merge-stream@2.0.0:
    resolution: {integrity: sha512-abv/qOcuPfk3URPfDzmZU1LKmuw8kT+0nIHvKrKgFrwifol/doWcdA4ZqsWQ8ENrFKkd67Mfpo/LovbIUsbt3w==}
    dev: false

  /mimic-fn@4.0.0:
    resolution: {integrity: sha512-vqiC06CuhBTUdZH+RYl8sFrL096vA45Ok5ISO6sE/Mr1jRbGH4Csnhi8f3wKVl7x8mO4Au7Ir9D3Oyv1VYMFJw==}
    engines: {node: '>=12'}
    dev: false

  /minimist@1.2.8:
    resolution: {integrity: sha512-2yyAR8qBkN3YuheJanUpWC5U3bb5osDywNB8RzDVlDwDHbocAJveqqj1u8+SVD7jkWT4yvsHCpWqqWqAxb0zCA==}
    dev: false

  /minipass@3.3.6:
    resolution: {integrity: sha512-DxiNidxSEK+tHG6zOIklvNOwm3hvCrbUrdtzY74U6HKTJxvIDfOUL5W5P2Ghd3DTkhhKPYGqeNUIh5qcM4YBfw==}
    engines: {node: '>=8'}
    dependencies:
      yallist: 4.0.0
    dev: false

  /minipass@5.0.0:
    resolution: {integrity: sha512-3FnjYuehv9k6ovOEbyOswadCDPX1piCfhV8ncmYtHOjuPwylVWsghTLo7rabjC3Rx5xD4HDx8Wm1xnMF7S5qFQ==}
    engines: {node: '>=8'}
    dev: false

  /minizlib@2.1.2:
    resolution: {integrity: sha512-bAxsR8BVfj60DWXHE3u30oHzfl4G7khkSuPW+qvpd7jFRHm7dLxOjUk1EHACJ/hxLY8phGJ0YhYHZo7jil7Qdg==}
    engines: {node: '>= 8'}
    dependencies:
      minipass: 3.3.6
      yallist: 4.0.0
    dev: false

  /mkdirp@1.0.4:
    resolution: {integrity: sha512-vVqVZQyf3WLx2Shd0qJ9xuvqgAyKPLAiqITEtqW0oIUjzo3PePDd6fW9iFz30ef7Ysp/oiWqbhszeGWW2T6Gzw==}
    engines: {node: '>=10'}
    hasBin: true
    dev: false

  /mlly@1.6.1:
    resolution: {integrity: sha512-vLgaHvaeunuOXHSmEbZ9izxPx3USsk8KCQ8iC+aTlp5sKRSoZvwhHh5L9VbKSaVC6sJDqbyohIS76E2VmHIPAA==}
    dependencies:
      acorn: 8.11.3
      pathe: 1.1.2
      pkg-types: 1.0.3
      ufo: 1.5.3
    dev: false

  /neo-async@2.6.2:
    resolution: {integrity: sha512-Yd3UES5mWCSqR+qNT93S3UoYUkqAZ9lLg8a7g9rimsWmYGK8cVToA4/sF3RrshdyV3sAGMXVUmpMYOw+dLpOuw==}
    dev: false

  /node-fetch-native@1.6.4:
    resolution: {integrity: sha512-IhOigYzAKHd244OC0JIMIUrjzctirCmPkaIfhDeGcEETWof5zKYUW7e7MYvChGWh/4CJeXEgsRyGzuF334rOOQ==}
    dev: false

  /normalize-path@3.0.0:
    resolution: {integrity: sha512-6eZs5Ls3WtCisHWp9S2GUy8dqkpGi4BVSz3GaqiE6ezub0512ESztXUwUB6C6IKbQkY2Pnb/mD4WYojCRwcwLA==}
    engines: {node: '>=0.10.0'}
    dev: false

  /npm-run-path@5.3.0:
    resolution: {integrity: sha512-ppwTtiJZq0O/ai0z7yfudtBpWIoxM8yE6nHi1X47eFR2EWORqfbu6CnPlNsjeN683eT0qG6H/Pyf9fCcvjnnnQ==}
    engines: {node: ^12.20.0 || ^14.13.1 || >=16.0.0}
    dependencies:
      path-key: 4.0.0
    dev: false

  /nypm@0.3.8:
    resolution: {integrity: sha512-IGWlC6So2xv6V4cIDmoV0SwwWx7zLG086gyqkyumteH2fIgCAM4nDVFB2iDRszDvmdSVW9xb1N+2KjQ6C7d4og==}
    engines: {node: ^14.16.0 || >=16.10.0}
    hasBin: true
    dependencies:
      citty: 0.1.6
      consola: 3.2.3
      execa: 8.0.1
      pathe: 1.1.2
      ufo: 1.5.3
    dev: false

  /ohash@1.1.3:
    resolution: {integrity: sha512-zuHHiGTYTA1sYJ/wZN+t5HKZaH23i4yI1HMwbuXm24Nid7Dv0KcuRlKoNKS9UNfAVSBlnGLcuQrnOKWOZoEGaw==}
    dev: false

  /onetime@6.0.0:
    resolution: {integrity: sha512-1FlR+gjXK7X+AsAHso35MnyN5KqGwJRi/31ft6x0M194ht7S+rWAvd7PHss9xSKMzE0asv1pyIHaJYq+BbacAQ==}
    engines: {node: '>=12'}
    dependencies:
      mimic-fn: 4.0.0
    dev: false

  /path-key@3.1.1:
    resolution: {integrity: sha512-ojmeN0qd+y0jszEtoY48r0Peq5dwMEkIlCOu6Q5f41lfkswXuKtYrhgoTpLnyIcHm24Uhqx+5Tqm2InSwLhE6Q==}
    engines: {node: '>=8'}
    dev: false

  /path-key@4.0.0:
    resolution: {integrity: sha512-haREypq7xkM7ErfgIyA0z+Bj4AGKlMSdlQE2jvJo6huWD1EdkKYV+G/T4nq0YEF2vgTT8kqMFKo1uHn950r4SQ==}
    engines: {node: '>=12'}
    dev: false

  /pathe@1.1.2:
    resolution: {integrity: sha512-whLdWMYL2TwI08hn8/ZqAbrVemu0LNaNNJZX73O6qaIdCTfXutsLhMkjdENX0qhsQ9uIimo4/aQOmXkoon2nDQ==}
    dev: false

  /perfect-debounce@1.0.0:
    resolution: {integrity: sha512-xCy9V055GLEqoFaHoC1SoLIaLmWctgCUaBaWxDZ7/Zx4CTyX7cJQLJOok/orfjZAh9kEYpjJa4d0KcJmCbctZA==}
    dev: false

  /picomatch@2.3.1:
    resolution: {integrity: sha512-JU3teHTNjmE2VCGFzuY8EXzCDVwEqB2a8fsIvwaStHhAWJEeVd1o1QD80CU6+ZdEXXSLbSsuLwJjkCBWqRQUVA==}
    engines: {node: '>=8.6'}
    dev: false

  /pkg-types@1.0.3:
    resolution: {integrity: sha512-nN7pYi0AQqJnoLPC9eHFQ8AcyaixBUOwvqc5TDnIKCMEE6I0y8P7OKA7fPexsXGCGxQDl/cmrLAp26LhcwxZ4A==}
    dependencies:
      jsonc-parser: 3.2.1
      mlly: 1.6.1
      pathe: 1.1.2
    dev: false

  /rc9@2.1.2:
    resolution: {integrity: sha512-btXCnMmRIBINM2LDZoEmOogIZU7Qe7zn4BpomSKZ/ykbLObuBdvG+mFq11DL6fjH1DRwHhrlgtYWG96bJiC7Cg==}
    dependencies:
      defu: 6.1.4
      destr: 2.0.3
    dev: false

  /readdirp@3.6.0:
    resolution: {integrity: sha512-hOS089on8RduqdbhvQ5Z37A0ESjsqz6qnRcffsMU3495FuTdqSm+7bhJ29JvIOsBDEEnan5DPu9t3To9VRlMzA==}
    engines: {node: '>=8.10.0'}
    dependencies:
      picomatch: 2.3.1
    dev: false

  /resolve-pkg-maps@1.0.0:
    resolution: {integrity: sha512-seS2Tj26TBVOC2NIc2rOe2y2ZO7efxITtLZcGSOnHHNOQ7CkiUBfw0Iw2ck6xkIhPwLhKNLS8BO+hEpngQlqzw==}
    dev: true

  /shebang-command@2.0.0:
    resolution: {integrity: sha512-kHxr2zZpYtdmrN1qDjrrX/Z1rR1kG8Dx+gkpK1G4eXmvXswmcE1hTWBWYUzlraYw1/yZp6YuDY77YtvbN0dmDA==}
    engines: {node: '>=8'}
    dependencies:
      shebang-regex: 3.0.0
    dev: false

  /shebang-regex@3.0.0:
    resolution: {integrity: sha512-7++dFhtcx3353uBaq8DDR4NuxBetBzC7ZQOhmTQInHEd6bSrXdiEyzCvG07Z44UYdLShWUyXt5M/yhz8ekcb1A==}
    engines: {node: '>=8'}
    dev: false

  /signal-exit@4.1.0:
    resolution: {integrity: sha512-bzyZ1e88w9O1iNJbKnOlvYTrWPDl46O1bG0D3XInv+9tkPrxrN8jUUTiFlDkkmKWgn1M6CfIA13SuGqOa9Korw==}
    engines: {node: '>=14'}
    dev: false

  /source-map@0.6.1:
    resolution: {integrity: sha512-UjgapumWlbMhkBgzT7Ykc5YXUT46F0iKu8SGXq0bcwP5dz/h0Plj6enJqjz1Zbq2l5WaqYnrVbwWOWMyF3F47g==}
    engines: {node: '>=0.10.0'}
    dev: false

  /strip-final-newline@3.0.0:
    resolution: {integrity: sha512-dOESqjYr96iWYylGObzd39EuNTa5VJxyvVAEm5Jnh7KGo75V43Hk1odPQkNDyXNmUR6k+gEiDVXnjB8HJ3crXw==}
    engines: {node: '>=12'}
    dev: false

  /tar@6.2.1:
    resolution: {integrity: sha512-DZ4yORTwrbTj/7MZYq2w+/ZFdI6OZ/f9SFHR+71gIVUZhOQPHzVCLpvRnPgyaMpfWxxk/4ONva3GQSyNIKRv6A==}
    engines: {node: '>=10'}
    dependencies:
      chownr: 2.0.0
      fs-minipass: 2.1.0
      minipass: 5.0.0
      minizlib: 2.1.2
      mkdirp: 1.0.4
      yallist: 4.0.0
    dev: false

  /to-regex-range@5.0.1:
    resolution: {integrity: sha512-65P7iz6X5yEr1cwcgvQxbbIw7Uk3gOy5dIdtZ4rDveLqhrdJP+Li/Hx6tyK0NEb+2GCyneCMJiGqrADCSNk8sQ==}
    engines: {node: '>=8.0'}
    dependencies:
      is-number: 7.0.0
    dev: false

  /tsx@4.7.2:
    resolution: {integrity: sha512-BCNd4kz6fz12fyrgCTEdZHGJ9fWTGeUzXmQysh0RVocDY3h4frk05ZNCXSy4kIenF7y/QnrdiVpTsyNRn6vlAw==}
    engines: {node: '>=18.0.0'}
    hasBin: true
    dependencies:
      esbuild: 0.19.12
      get-tsconfig: 4.7.3
    optionalDependencies:
      fsevents: 2.3.3
    dev: true

  /typescript@5.4.4:
    resolution: {integrity: sha512-dGE2Vv8cpVvw28v8HCPqyb08EzbBURxDpuhJvTrusShUfGnhHBafDsLdS1EhhxyL6BJQE+2cT3dDPAv+MQ6oLw==}
    engines: {node: '>=14.17'}
    hasBin: true
    dev: false

  /ufo@1.5.3:
    resolution: {integrity: sha512-Y7HYmWaFwPUmkoQCUIAYpKqkOf+SbVj/2fJJZ4RJMCfZp0rTGwRbzQD+HghfnhKOjL9E01okqz+ncJskGYfBNw==}
    dev: false

  /uglify-js@3.17.4:
    resolution: {integrity: sha512-T9q82TJI9e/C1TAxYvfb16xO120tMVFZrGA3f9/P4424DNu6ypK103y0GPFVa17yotwSyZW5iYXgjYHkGrJW/g==}
    engines: {node: '>=0.8.0'}
    hasBin: true
    requiresBuild: true
    dev: false
    optional: true

  /undici-types@5.26.5:
    resolution: {integrity: sha512-JlCMO+ehdEIKqlFxk6IfVoAUVmgz7cU7zD/h9XZ0qzeosSHmUJVOzSQvvYSYWXkFXC+IfLKSIffhv0sVZup6pA==}
    dev: true

  /which@2.0.2:
    resolution: {integrity: sha512-BLI3Tl1TW3Pvl70l3yq3Y64i+awpwXqsGBYWkkqMtnbXgrMD+yj7rhW0kuEDxzJaYXGjEW5ogapKNMEKNMjibA==}
    engines: {node: '>= 8'}
    hasBin: true
    dependencies:
      isexe: 2.0.0
    dev: false

  /wordwrap@1.0.0:
    resolution: {integrity: sha512-gvVzJFlPycKc5dZN4yPkP8w7Dc37BtP1yczEneOb4uq34pXZcvrtRTmWV8W+Ume+XCxKgbjM+nevkyFPMybd4Q==}
    dev: false

  /yallist@4.0.0:
    resolution: {integrity: sha512-3wdGidZyq5PB084XLES5TpOSRA3wjXAlIWMhum2kRcv/41Sn2emQ0dycQW4uZXLejwKvg6EsvbdlVL+FYEct7A==}
    dev: false
